<?xml version="1.0" encoding="utf-8"?>
<Project ToolsVersion="4.0" xmlns="http://schemas.microsoft.com/developer/msbuild/2003">
  <ItemGroup>
    <Filter Include="Source Files">
      <UniqueIdentifier>{4FC737F1-C7A5-4376-A066-2A32D752A2FF}</UniqueIdentifier>
      <Extensions>cpp;c;cc;cxx;def;odl;idl;hpj;bat;asm;asmx</Extensions>
    </Filter>
    <Filter Include="Header Files">
      <UniqueIdentifier>{93995380-89BD-4b04-88EB-625FBE52EBFB}</UniqueIdentifier>
      <Extensions>h;hh;hpp;hxx;hm;inl;inc;ipp;xsd</Extensions>
    </Filter>
    <Filter Include="Resource Files">
      <UniqueIdentifier>{67DA6AB6-F800-4c08-8B7A-83BB121AAD01}</UniqueIdentifier>
      <Extensions>rc;ico;cur;bmp;dlg;rc2;rct;bin;rgs;gif;jpg;jpeg;jpe;resx;tiff;tif;png;wav;mfcribbon-ms</Extensions>
    </Filter>
  </ItemGroup>
  <ItemGroup>
    <ClCompile Include="cpp\engine\source\Collider.cpp">
      <Filter>Source Files</Filter>
    </ClCompile>
    <ClCompile Include="cpp\engine\source\Controls.cpp">
      <Filter>Source Files</Filter>
    </ClCompile>
    <ClCompile Include="cpp\engine\source\Display.cpp">
      <Filter>Source Files</Filter>
    </ClCompile>
    <ClCompile Include="cpp\engine\source\Entity.cpp">
      <Filter>Source Files</Filter>
    </ClCompile>
    <ClCompile Include="cpp\engine\source\glad.c">
      <Filter>Source Files</Filter>
    </ClCompile>
    <ClCompile Include="cpp\engine\source\Lighting.cpp">
      <Filter>Source Files</Filter>
    </ClCompile>
    <ClCompile Include="cpp\engine\source\mearly.cpp">
      <Filter>Source Files</Filter>
    </ClCompile>
    <ClCompile Include="cpp\engine\source\Shader.cpp">
      <Filter>Source Files</Filter>
    </ClCompile>
    <ClCompile Include="cpp\engine\source\Sound.cpp">
      <Filter>Source Files</Filter>
    </ClCompile>
    <ClCompile Include="cpp\engine\source\stb_image.cpp">
      <Filter>Source Files</Filter>
    </ClCompile>
    <ClCompile Include="cpp\engine\source\TextureLoader.cpp">
      <Filter>Source Files</Filter>
    </ClCompile>
    <ClCompile Include="cpp\game\main.cpp">
      <Filter>Source Files</Filter>
    </ClCompile>
    <ClCompile Include="cpp\game\Game.cpp">
      <Filter>Source Files</Filter>
    </ClCompile>
    <ClCompile Include="cpp\game\GameMainLoop.cpp">
      <Filter>Source Files</Filter>
    </ClCompile>
    <ClCompile Include="cpp\engine\source\Camera.cpp">
      <Filter>Source Files</Filter>
    </ClCompile>
    <ClCompile Include="cpp\pckgs\firstPersonPlayer\Player.cpp">
      <Filter>Source Files</Filter>
    </ClCompile>
    <ClCompile Include="cpp\pckgs\masterRenderer\MasterRenderer.cpp">
      <Filter>Source Files</Filter>
    </ClCompile>
    <ClCompile Include="cpp\pckgs\primatives\PrimativeRenderer.cpp">
      <Filter>Source Files</Filter>
    </ClCompile>
    <ClCompile Include="cpp\pckgs\skybox\SkyboxRenderer.cpp">
      <Filter>Source Files</Filter>
    </ClCompile>
  </ItemGroup>
  <ItemGroup>
    <ClInclude Include="cpp\engine\headers\Collider.h">
      <Filter>Header Files</Filter>
    </ClInclude>
    <ClInclude Include="cpp\engine\headers\Controls.h">
      <Filter>Header Files</Filter>
    </ClInclude>
    <ClInclude Include="cpp\engine\headers\Display.h">
      <Filter>Header Files</Filter>
    </ClInclude>
    <ClInclude Include="cpp\engine\headers\Entity.h">
      <Filter>Header Files</Filter>
    </ClInclude>
    <ClInclude Include="cpp\engine\headers\Lighting.h">
      <Filter>Header Files</Filter>
    </ClInclude>
    <ClInclude Include="cpp\engine\headers\mearly.h">
      <Filter>Header Files</Filter>
    </ClInclude>
    <ClInclude Include="cpp\engine\headers\Shader.h">
      <Filter>Header Files</Filter>
    </ClInclude>
    <ClInclude Include="cpp\engine\headers\Sound.h">
      <Filter>Header Files</Filter>
    </ClInclude>
    <ClInclude Include="cpp\engine\headers\stb_image.h">
      <Filter>Header Files</Filter>
    </ClInclude>
    <ClInclude Include="cpp\engine\headers\TextureLoader.h">
      <Filter>Header Files</Filter>
    </ClInclude>
    <ClInclude Include="cpp\engine\headers\Global.h">
      <Filter>Header Files</Filter>
    </ClInclude>
    <ClInclude Include="cpp\engine\headers\AAEngine.h">
      <Filter>Header Files</Filter>
    </ClInclude>
    <ClInclude Include="cpp\game\Game.h">
      <Filter>Header Files</Filter>
    </ClInclude>
    <ClInclude Include="cpp\engine\headers\Camera.h">
      <Filter>Header Files</Filter>
    </ClInclude>
    <ClInclude Include="cpp\pckgs\firstPersonPlayer\Movement.h">
      <Filter>Header Files</Filter>
    </ClInclude>
    <ClInclude Include="cpp\pckgs\firstPersonPlayer\Player.h">
      <Filter>Header Files</Filter>
    </ClInclude>
    <ClInclude Include="cpp\pckgs\masterRenderer\MasterRenderer.h">
      <Filter>Header Files</Filter>
    </ClInclude>
    <ClInclude Include="cpp\pckgs\primatives\PrimativeRenderer.h">
      <Filter>Header Files</Filter>
    </ClInclude>
    <ClInclude Include="cpp\pckgs\skybox\SkyboxRenderer.h">
      <Filter>Header Files</Filter>
    </ClInclude>
  </ItemGroup>
  <ItemGroup>
    <None Include="cpp\pckgs\skybox\skybox.frag" />
    <None Include="cpp\pckgs\skybox\skybox.vert" />
  </ItemGroup>
  <ItemGroup>
    <Image Include="cpp\pckgs\skybox\default\skybox_back.jpg">
      <Filter>Resource Files</Filter>
    </Image>
    <Image Include="cpp\pckgs\skybox\default\skybox_bottom.jpg">
      <Filter>Resource Files</Filter>
    </Image>
    <Image Include="cpp\pckgs\skybox\default\skybox_front.jpg">
      <Filter>Resource Files</Filter>
    </Image>
    <Image Include="cpp\pckgs\skybox\default\skybox_left.jpg">
      <Filter>Resource Files</Filter>
    </Image>
    <Image Include="cpp\pckgs\skybox\default\skybox_right.jpg">
      <Filter>Resource Files</Filter>
    </Image>
    <Image Include="cpp\pckgs\skybox\default\skybox_top.jpg">
      <Filter>Resource Files</Filter>
    </Image>
  </ItemGroup>
</Project>