
Microsoft Visual Studio Solution File, Format Version 12.00
# Visual Studio 15
VisualStudioVersion = 15.0.28307.106
MinimumVisualStudioVersion = 10.0.40219.1
Project("{8BC9CEB8-8B4A-11D0-8D11-00A0C91BC942}") = "AncientArcher", "AncientArcher\AncientArcher.vcxproj", "{FE7B86D2-74BC-4260-995A-C34FA3F691E5}"
EndProject
Project("{2150E333-8FDC-42A3-9474-1A3956D46DE8}") = "Solution Items", "Solution Items", "{CF97C911-EB0A-4247-A7DA-A5D706BB03A8}"
	ProjectSection(SolutionItems) = preProject
		design.md = design.md
		readme.md = readme.md
	EndProjectSection
EndProject
Global
	GlobalSection(SolutionConfigurationPlatforms) = preSolution
		Debug|x64 = Debug|x64
		Debug|x86 = Debug|x86
		Release|x64 = Release|x64
		Release|x86 = Release|x86
	EndGlobalSection
	GlobalSection(ProjectConfigurationPlatforms) = postSolution
		{FE7B86D2-74BC-4260-995A-C34FA3F691E5}.Debug|x64.ActiveCfg = Debug|x64
		{FE7B86D2-74BC-4260-995A-C34FA3F691E5}.Debug|x64.Build.0 = Debug|x64
		{FE7B86D2-74BC-4260-995A-C34FA3F691E5}.Debug|x86.ActiveCfg = Debug|Win32
		{FE7B86D2-74BC-4260-995A-C34FA3F691E5}.Debug|x86.Build.0 = Debug|Win32
		{FE7B86D2-74BC-4260-995A-C34FA3F691E5}.Release|x64.ActiveCfg = Release|x64
		{FE7B86D2-74BC-4260-995A-C34FA3F691E5}.Release|x64.Build.0 = Release|x64
		{FE7B86D2-74BC-4260-995A-C34FA3F691E5}.Release|x86.ActiveCfg = Release|Win32
		{FE7B86D2-74BC-4260-995A-C34FA3F691E5}.Release|x86.Build.0 = Release|Win32
	EndGlobalSection
	GlobalSection(SolutionProperties) = preSolution
		HideSolutionNode = FALSE
	EndGlobalSection
	GlobalSection(ExtensibilityGlobals) = postSolution
		SolutionGuid = {0FED22F9-5C24-4D40-9363-2DBD72CBBD29}
	EndGlobalSection
EndGlobal
