
Microsoft Visual Studio Solution File, Format Version 12.00
# Visual Studio Version 16
VisualStudioVersion = 16.0.29613.14
MinimumVisualStudioVersion = 10.0.40219.1
Project("{8BC9CEB8-8B4A-11D0-8D11-00A0C91BC942}") = "AABench", "AABench\AABench.vcxproj", "{FE7B86D2-74BC-4260-995A-C34FA3F691E5}"
	ProjectSection(ProjectDependencies) = postProject
		{BCC58A58-C6A2-45AF-BA93-546DFFE74439} = {BCC58A58-C6A2-45AF-BA93-546DFFE74439}
	EndProjectSection
EndProject
Project("{8BC9CEB8-8B4A-11D0-8D11-00A0C91BC942}") = "MearlyUtils", "mearlyUtils\mearlyUtils.vcxproj", "{BCC58A58-C6A2-45AF-BA93-546DFFE74439}"
EndProject
Global
	GlobalSection(SolutionConfigurationPlatforms) = preSolution
		Debug|x64 = Debug|x64
		Debug|x86 = Debug|x86
		Release|x64 = Release|x64
		Release|x86 = Release|x86
	EndGlobalSection
	GlobalSection(ProjectConfigurationPlatforms) = postSolution
		{FE7B86D2-74BC-4260-995A-C34FA3F691E5}.Debug|x64.ActiveCfg = Debug|x64
		{FE7B86D2-74BC-4260-995A-C34FA3F691E5}.Debug|x64.Build.0 = Debug|x64
		{FE7B86D2-74BC-4260-995A-C34FA3F691E5}.Debug|x86.ActiveCfg = Debug|Win32
		{FE7B86D2-74BC-4260-995A-C34FA3F691E5}.Debug|x86.Build.0 = Debug|Win32
		{FE7B86D2-74BC-4260-995A-C34FA3F691E5}.Release|x64.ActiveCfg = Release|x64
		{FE7B86D2-74BC-4260-995A-C34FA3F691E5}.Release|x64.Build.0 = Release|x64
		{FE7B86D2-74BC-4260-995A-C34FA3F691E5}.Release|x86.ActiveCfg = Release|Win32
		{FE7B86D2-74BC-4260-995A-C34FA3F691E5}.Release|x86.Build.0 = Release|Win32
		{BCC58A58-C6A2-45AF-BA93-546DFFE74439}.Debug|x64.ActiveCfg = Debug|x64
		{BCC58A58-C6A2-45AF-BA93-546DFFE74439}.Debug|x64.Build.0 = Debug|x64
		{BCC58A58-C6A2-45AF-BA93-546DFFE74439}.Debug|x86.ActiveCfg = Debug|Win32
		{BCC58A58-C6A2-45AF-BA93-546DFFE74439}.Debug|x86.Build.0 = Debug|Win32
		{BCC58A58-C6A2-45AF-BA93-546DFFE74439}.Release|x64.ActiveCfg = Release|x64
		{BCC58A58-C6A2-45AF-BA93-546DFFE74439}.Release|x64.Build.0 = Release|x64
		{BCC58A58-C6A2-45AF-BA93-546DFFE74439}.Release|x86.ActiveCfg = Release|Win32
		{BCC58A58-C6A2-45AF-BA93-546DFFE74439}.Release|x86.Build.0 = Release|Win32
	EndGlobalSection
	GlobalSection(SolutionProperties) = preSolution
		HideSolutionNode = FALSE
	EndGlobalSection
	GlobalSection(ExtensibilityGlobals) = postSolution
		SolutionGuid = {0FED22F9-5C24-4D40-9363-2DBD72CBBD29}
	EndGlobalSection
EndGlobal
