<?xml version="1.0" encoding="utf-8"?>
<Project ToolsVersion="4.0" xmlns="http://schemas.microsoft.com/developer/msbuild/2003">
  <ItemGroup>
    <Filter Include="Source Files">
      <UniqueIdentifier>{4FC737F1-C7A5-4376-A066-2A32D752A2FF}</UniqueIdentifier>
      <Extensions>cpp;c;cc;cxx;def;odl;idl;hpj;bat;asm;asmx</Extensions>
    </Filter>
    <Filter Include="Header Files">
      <UniqueIdentifier>{93995380-89BD-4b04-88EB-625FBE52EBFB}</UniqueIdentifier>
      <Extensions>h;hh;hpp;hxx;hm;inl;inc;ipp;xsd</Extensions>
    </Filter>
    <Filter Include="Resource Files">
      <UniqueIdentifier>{67DA6AB6-F800-4c08-8B7A-83BB121AAD01}</UniqueIdentifier>
      <Extensions>rc;ico;cur;bmp;dlg;rc2;rct;bin;rgs;gif;jpg;jpeg;jpe;resx;tiff;tif;png;wav;mfcribbon-ms</Extensions>
    </Filter>
  </ItemGroup>
  <ItemGroup>
    <ClCompile Include="tests\main.cpp">
      <Filter>Source Files</Filter>
    </ClCompile>
    <ClCompile Include="tests\dry\LoadableAssets.cpp">
      <Filter>Source Files</Filter>
    </ClCompile>
    <ClCompile Include="core\cameraSys\AACamera.cpp">
      <Filter>Source Files</Filter>
    </ClCompile>
    <ClCompile Include="core\objectSys\AAGameObject.cpp">
      <Filter>Source Files</Filter>
    </ClCompile>
    <ClCompile Include="core\objectSys\AAOGLGraphics.cpp">
      <Filter>Source Files</Filter>
    </ClCompile>
    <ClCompile Include="core\objectSys\AASkybox.cpp">
      <Filter>Source Files</Filter>
    </ClCompile>
    <ClCompile Include="core\winSys\AAControls.cpp">
      <Filter>Source Files</Filter>
    </ClCompile>
    <ClCompile Include="core\winSys\AADisplay.cpp">
      <Filter>Source Files</Filter>
    </ClCompile>
    <ClCompile Include="core\soundPlugin\AASound.cpp">
      <Filter>Source Files</Filter>
    </ClCompile>
    <ClCompile Include="core\worldLoop\AAWorld.cpp">
      <Filter>Source Files</Filter>
    </ClCompile>
    <ClCompile Include="core\objectSys\stb_image.cpp">
      <Filter>Source Files</Filter>
    </ClCompile>
    <ClCompile Include="core\objectSys\shaderSys\AAOGLShader.cpp">
      <Filter>Source Files</Filter>
    </ClCompile>
    <ClCompile Include="core\objectSys\glad.c">
      <Filter>Source Files</Filter>
    </ClCompile>
  </ItemGroup>
  <ItemGroup>
    <ClInclude Include="tests\dry\addGodMovement.h">
      <Filter>Header Files</Filter>
    </ClInclude>
    <ClInclude Include="tests\dry\addSkybox.h">
      <Filter>Header Files</Filter>
    </ClInclude>
    <ClInclude Include="tests\dry\delay.h">
      <Filter>Header Files</Filter>
    </ClInclude>
    <ClInclude Include="tests\dry\addRandomWorld.h">
      <Filter>Header Files</Filter>
    </ClInclude>
    <ClInclude Include="tests\dry\LoadableAssets.h">
      <Filter>Header Files</Filter>
    </ClInclude>
    <ClInclude Include="tests\coreTests.h">
      <Filter>Header Files</Filter>
    </ClInclude>
    <ClInclude Include="tests\dry\ModelHeader.h">
      <Filter>Header Files</Filter>
    </ClInclude>
    <ClInclude Include="core\cameraSys\AACamera.h">
      <Filter>Header Files</Filter>
    </ClInclude>
    <ClInclude Include="core\objectSys\AAGameObject.h">
      <Filter>Header Files</Filter>
    </ClInclude>
    <ClInclude Include="core\objectSys\AAOGLGraphics.h">
      <Filter>Header Files</Filter>
    </ClInclude>
    <ClInclude Include="core\objectSys\AASkybox.h">
      <Filter>Header Files</Filter>
    </ClInclude>
    <ClInclude Include="core\winSys\AAControls.h">
      <Filter>Header Files</Filter>
    </ClInclude>
    <ClInclude Include="core\winSys\AADisplay.h">
      <Filter>Header Files</Filter>
    </ClInclude>
    <ClInclude Include="core\winSys\AAInput.h">
      <Filter>Header Files</Filter>
    </ClInclude>
    <ClInclude Include="core\soundPlugin\AASound.h">
      <Filter>Header Files</Filter>
    </ClInclude>
    <ClInclude Include="core\worldLoop\AAWorld.h">
      <Filter>Header Files</Filter>
    </ClInclude>
    <ClInclude Include="core\objectSys\shaderSys\AALights.h">
      <Filter>Header Files</Filter>
    </ClInclude>
    <ClInclude Include="core\objectSys\shaderSys\AAOGLShader.h">
      <Filter>Header Files</Filter>
    </ClInclude>
    <ClInclude Include="AAEngine.h">
      <Filter>Header Files</Filter>
    </ClInclude>
  </ItemGroup>
</Project>